
Microsoft Visual Studio Solution File, Format Version 12.00
# Visual Studio Version 17
VisualStudioVersion = 17.10.35013.160
MinimumVisualStudioVersion = 10.0.40219.1
Project("{8BC9CEB8-8B4A-11D0-8D11-00A0C91BC942}") = "3.5 charcode", "3.5 charcode\3.5 charcode.vcxproj", "{507D550B-E3CC-40D2-89A2-F33EED564B60}"
EndProject
Global
	GlobalSection(SolutionConfigurationPlatforms) = preSolution
		Debug|x64 = Debug|x64
		Debug|x86 = Debug|x86
		Release|x64 = Release|x64
		Release|x86 = Release|x86
	EndGlobalSection
	GlobalSection(ProjectConfigurationPlatforms) = postSolution
		{507D550B-E3CC-40D2-89A2-F33EED564B60}.Debug|x64.ActiveCfg = Debug|x64
		{507D550B-E3CC-40D2-89A2-F33EED564B60}.Debug|x64.Build.0 = Debug|x64
		{507D550B-E3CC-40D2-89A2-F33EED564B60}.Debug|x86.ActiveCfg = Debug|Win32
		{507D550B-E3CC-40D2-89A2-F33EED564B60}.Debug|x86.Build.0 = Debug|Win32
		{507D550B-E3CC-40D2-89A2-F33EED564B60}.Release|x64.ActiveCfg = Release|x64
		{507D550B-E3CC-40D2-89A2-F33EED564B60}.Release|x64.Build.0 = Release|x64
		{507D550B-E3CC-40D2-89A2-F33EED564B60}.Release|x86.ActiveCfg = Release|Win32
		{507D550B-E3CC-40D2-89A2-F33EED564B60}.Release|x86.Build.0 = Release|Win32
	EndGlobalSection
	GlobalSection(SolutionProperties) = preSolution
		HideSolutionNode = FALSE
	EndGlobalSection
	GlobalSection(ExtensibilityGlobals) = postSolution
		SolutionGuid = {7E4EF678-EEA7-4518-98AA-E3ADF09A0710}
	EndGlobalSection
EndGlobal
